
Microsoft Visual Studio Solution File, Format Version 12.00
# Visual Studio Version 17
VisualStudioVersion = 17.6.33723.286
MinimumVisualStudioVersion = 10.0.40219.1
Project("{FAE04EC0-301F-11D3-BF4B-00C04F79EFBC}") = "SquareLibrary", "SquareLibrary\SquareLibrary.csproj", "{22DDE630-D2FF-4690-998F-A763B9F9820A}"
EndProject
Project("{FAE04EC0-301F-11D3-BF4B-00C04F79EFBC}") = "SquareLibrary.Tests", "SquareLibrary.Tests\SquareLibrary.Tests.csproj", "{49F1E68E-471D-4F46-B21C-E163CAB1C9F7}"
EndProject
Global
	GlobalSection(SolutionConfigurationPlatforms) = preSolution
		Debug|Any CPU = Debug|Any CPU
		Release|Any CPU = Release|Any CPU
	EndGlobalSection
	GlobalSection(ProjectConfigurationPlatforms) = postSolution
		{22DDE630-D2FF-4690-998F-A763B9F9820A}.Debug|Any CPU.ActiveCfg = Debug|Any CPU
		{22DDE630-D2FF-4690-998F-A763B9F9820A}.Debug|Any CPU.Build.0 = Debug|Any CPU
		{22DDE630-D2FF-4690-998F-A763B9F9820A}.Release|Any CPU.ActiveCfg = Release|Any CPU
		{22DDE630-D2FF-4690-998F-A763B9F9820A}.Release|Any CPU.Build.0 = Release|Any CPU
		{49F1E68E-471D-4F46-B21C-E163CAB1C9F7}.Debug|Any CPU.ActiveCfg = Debug|Any CPU
		{49F1E68E-471D-4F46-B21C-E163CAB1C9F7}.Debug|Any CPU.Build.0 = Debug|Any CPU
		{49F1E68E-471D-4F46-B21C-E163CAB1C9F7}.Release|Any CPU.ActiveCfg = Release|Any CPU
		{49F1E68E-471D-4F46-B21C-E163CAB1C9F7}.Release|Any CPU.Build.0 = Release|Any CPU
	EndGlobalSection
	GlobalSection(SolutionProperties) = preSolution
		HideSolutionNode = FALSE
	EndGlobalSection
	GlobalSection(ExtensibilityGlobals) = postSolution
		SolutionGuid = {AD79017D-632E-49CF-A63F-F2A6EC203133}
	EndGlobalSection
EndGlobal
